
Microsoft Visual Studio Solution File, Format Version 12.00
# Visual Studio Version 17
VisualStudioVersion = 17.7.34031.279
MinimumVisualStudioVersion = 10.0.40219.1
Project("{FAE04EC0-301F-11D3-BF4B-00C04F79EFBC}") = "WebApplication1", "WebApplication1.csproj", "{C012E87D-FDC2-4522-BDC6-0248AA9D23DD}"
EndProject
Global
	GlobalSection(SolutionConfigurationPlatforms) = preSolution
		Debug|Any CPU = Debug|Any CPU
		Release|Any CPU = Release|Any CPU
	EndGlobalSection
	GlobalSection(ProjectConfigurationPlatforms) = postSolution
		{C012E87D-FDC2-4522-BDC6-0248AA9D23DD}.Debug|Any CPU.ActiveCfg = Debug|Any CPU
		{C012E87D-FDC2-4522-BDC6-0248AA9D23DD}.Debug|Any CPU.Build.0 = Debug|Any CPU
		{C012E87D-FDC2-4522-BDC6-0248AA9D23DD}.Release|Any CPU.ActiveCfg = Release|Any CPU
		{C012E87D-FDC2-4522-BDC6-0248AA9D23DD}.Release|Any CPU.Build.0 = Release|Any CPU
	EndGlobalSection
	GlobalSection(SolutionProperties) = preSolution
		HideSolutionNode = FALSE
	EndGlobalSection
	GlobalSection(ExtensibilityGlobals) = postSolution
		SolutionGuid = {622ECFD1-B858-4E09-8C92-F861572D84E0}
	EndGlobalSection
EndGlobal
